--- 
dependencies: 
  rails: 
    group: 
    - :default
    version: = 2.3.5
  mysql: 
    group: 
    - :default
    version: ">= 0"
  haml: 
    group: 
    - :default
    version: = 3.0.15
  inherited_resources: 
    group: 
    - :default
    version: = 1.0.2
  will_paginate: 
    group: 
    - :default
    version: ">= 0"
  paperclip: 
    group: 
    - :default
    version: ">= 0"
  jammit: 
    group: 
    - :default
    version: ">= 0"
  bundler: 
    group: 
    - :default
    version: = 0.9.26
  responders: 
    group: 
    - :default
    version: = 0.4.2
specs: 
- rake: 
    version: 0.8.7
- activesupport: 
    version: 2.3.5
- rack: 
    version: 1.0.1
- actionpack: 
    version: 2.3.5
- actionmailer: 
    version: 2.3.5
- activerecord: 
    version: 2.3.5
- activeresource: 
    version: 2.3.5
- bundler: 
    version: 0.9.26
- closure-compiler: 
    version: 0.3.2
- haml: 
    version: 3.0.15
- has_scope: 
    version: 0.5.0
- responders: 
    version: 0.4.2
- inherited_resources: 
    version: 1.0.2
- yui-compressor: 
    version: 0.9.1
- jammit: 
    version: 0.5.1
- mysql: 
    version: 2.8.1
- paperclip: 
    version: 2.3.3
- rails: 
    version: 2.3.5
- will_paginate: 
    version: 2.3.11
hash: 097218081ed418107c6680226be3818cd1ac8574
sources: 
- Rubygems: 
    uri: http://gemcutter.org
